
Microsoft Visual Studio Solution File, Format Version 12.00
# Visual Studio 15
VisualStudioVersion = 15.0.27130.2036
MinimumVisualStudioVersion = 10.0.40219.1
Project("{FAE04EC0-301F-11D3-BF4B-00C04F79EFBC}") = "Maintain Student Scores", "Maintain Student Scores\Maintain Student Scores.csproj", "{8629D358-D029-42B5-9A64-7B87528BB36D}"
EndProject
Global
	GlobalSection(SolutionConfigurationPlatforms) = preSolution
		Debug|Any CPU = Debug|Any CPU
		Release|Any CPU = Release|Any CPU
	EndGlobalSection
	GlobalSection(ProjectConfigurationPlatforms) = postSolution
		{8629D358-D029-42B5-9A64-7B87528BB36D}.Debug|Any CPU.ActiveCfg = Debug|Any CPU
		{8629D358-D029-42B5-9A64-7B87528BB36D}.Debug|Any CPU.Build.0 = Debug|Any CPU
		{8629D358-D029-42B5-9A64-7B87528BB36D}.Release|Any CPU.ActiveCfg = Release|Any CPU
		{8629D358-D029-42B5-9A64-7B87528BB36D}.Release|Any CPU.Build.0 = Release|Any CPU
	EndGlobalSection
	GlobalSection(SolutionProperties) = preSolution
		HideSolutionNode = FALSE
	EndGlobalSection
	GlobalSection(ExtensibilityGlobals) = postSolution
		SolutionGuid = {AAD6F26A-B9F5-462E-80BA-FDB5C9404715}
	EndGlobalSection
EndGlobal
